
Microsoft Visual Studio Solution File, Format Version 12.00
# Visual Studio 15
VisualStudioVersion = 15.0.28307.136
MinimumVisualStudioVersion = 10.0.40219.1
Project("{FAE04EC0-301F-11D3-BF4B-00C04F79EFBC}") = "urok10_3_1", "urok10_3_1\urok10_3_1.csproj", "{7B5E8D28-8C9E-4EAA-BFCA-C3D3A8A6BB7F}"
EndProject
Global
	GlobalSection(SolutionConfigurationPlatforms) = preSolution
		Debug|Any CPU = Debug|Any CPU
		Release|Any CPU = Release|Any CPU
	EndGlobalSection
	GlobalSection(ProjectConfigurationPlatforms) = postSolution
		{7B5E8D28-8C9E-4EAA-BFCA-C3D3A8A6BB7F}.Debug|Any CPU.ActiveCfg = Debug|Any CPU
		{7B5E8D28-8C9E-4EAA-BFCA-C3D3A8A6BB7F}.Debug|Any CPU.Build.0 = Debug|Any CPU
		{7B5E8D28-8C9E-4EAA-BFCA-C3D3A8A6BB7F}.Release|Any CPU.ActiveCfg = Release|Any CPU
		{7B5E8D28-8C9E-4EAA-BFCA-C3D3A8A6BB7F}.Release|Any CPU.Build.0 = Release|Any CPU
	EndGlobalSection
	GlobalSection(SolutionProperties) = preSolution
		HideSolutionNode = FALSE
	EndGlobalSection
	GlobalSection(ExtensibilityGlobals) = postSolution
		SolutionGuid = {7CD3FFE6-D921-4FFC-A7B7-190EB549BDDE}
	EndGlobalSection
EndGlobal
